{
  "format_version": "1.2",
  "terraform_version": "1.5.5",
  "planned_values": {
    "root_module": {
      "resources": [
        {
          "address": "aws_instance.web",
          "mode": "managed",
          "type": "aws_instance",
          "name": "web",
          "provider_name": "registry.terraform.io/hashicorp/aws",
          "schema_version": 1,
          "values": {
            "ami": "ami-0f244b28200b93640",
            "credit_specification": [],
            "get_password_data": false,
            "hibernation": null,
            "instance_type": "t3.micro",
            "launch_template": [],
            "source_dest_check": true,
            "subnet_id": "subnet-08d487c7b68b31824",
            "tags": {
              "Name": "mike-test"
            },
            "tags_all": {
              "Name": "mike-test"
            },
            "timeouts": null,
            "user_data_replace_on_change": false,
            "volume_tags": null
          },
          "sensitive_values": {
            "capacity_reservation_specification": [],
            "cpu_options": [],
            "credit_specification": [],
            "ebs_block_device": [],
            "enclave_options": [],
            "ephemeral_block_device": [],
            "instance_market_options": [],
            "ipv6_addresses": [],
            "launch_template": [],
            "maintenance_options": [],
            "metadata_options": [],
            "network_interface": [],
            "private_dns_name_options": [],
            "root_block_device": [],
            "secondary_private_ips": [],
            "security_groups": [],
            "tags": {},
            "tags_all": {},
            "vpc_security_group_ids": []
          }
        },
        {
          "address": "aws_security_group.web",
          "mode": "managed",
          "type": "aws_security_group",
          "name": "web",
          "provider_name": "registry.terraform.io/hashicorp/aws",
          "schema_version": 1,
          "values": {
            "description": "Test group - manual",
            "name": "mike-test",
            "revoke_rules_on_delete": false,
            "tags": {
              "Name": "mike-test"
            },
            "tags_all": {
              "Name": "mike-test"
            },
            "timeouts": null,
            "vpc_id": "vpc-0e002ec64373a0ef0"
          },
          "sensitive_values": {
            "egress": [],
            "ingress": [],
            "tags": {},
            "tags_all": {}
          }
        }
      ]
    }
  },
  "resource_changes": [
    {
      "address": "aws_instance.web",
      "mode": "managed",
      "type": "aws_instance",
      "name": "web",
      "provider_name": "registry.terraform.io/hashicorp/aws",
      "change": {
        "actions": [
          "create"
        ],
        "before": null,
        "after": {
          "ami": "ami-0f244b28200b93640",
          "credit_specification": [],
          "get_password_data": false,
          "hibernation": null,
          "instance_type": "t3.micro",
          "launch_template": [],
          "source_dest_check": true,
          "subnet_id": "subnet-08d487c7b68b31824",
          "tags": {
            "Name": "mike-test"
          },
          "tags_all": {
            "Name": "mike-test"
          },
          "timeouts": null,
          "user_data_replace_on_change": false,
          "volume_tags": null
        },
        "after_unknown": {
          "arn": true,
          "associate_public_ip_address": true,
          "availability_zone": true,
          "capacity_reservation_specification": true,
          "cpu_core_count": true,
          "cpu_options": true,
          "cpu_threads_per_core": true,
          "credit_specification": [],
          "disable_api_stop": true,
          "disable_api_termination": true,
          "ebs_block_device": true,
          "ebs_optimized": true,
          "enclave_options": true,
          "ephemeral_block_device": true,
          "host_id": true,
          "host_resource_group_arn": true,
          "iam_instance_profile": true,
          "id": true,
          "instance_initiated_shutdown_behavior": true,
          "instance_lifecycle": true,
          "instance_market_options": true,
          "instance_state": true,
          "ipv6_address_count": true,
          "ipv6_addresses": true,
          "key_name": true,
          "launch_template": [],
          "maintenance_options": true,
          "metadata_options": true,
          "monitoring": true,
          "network_interface": true,
          "outpost_arn": true,
          "password_data": true,
          "placement_group": true,
          "placement_partition_number": true,
          "primary_network_interface_id": true,
          "private_dns": true,
          "private_dns_name_options": true,
          "private_ip": true,
          "public_dns": true,
          "public_ip": true,
          "root_block_device": true,
          "secondary_private_ips": true,
          "security_groups": true,
          "spot_instance_request_id": true,
          "tags": {},
          "tags_all": {},
          "tenancy": true,
          "user_data": true,
          "user_data_base64": true,
          "vpc_security_group_ids": true
        },
        "before_sensitive": false,
        "after_sensitive": {
          "capacity_reservation_specification": [],
          "cpu_options": [],
          "credit_specification": [],
          "ebs_block_device": [],
          "enclave_options": [],
          "ephemeral_block_device": [],
          "instance_market_options": [],
          "ipv6_addresses": [],
          "launch_template": [],
          "maintenance_options": [],
          "metadata_options": [],
          "network_interface": [],
          "private_dns_name_options": [],
          "root_block_device": [],
          "secondary_private_ips": [],
          "security_groups": [],
          "tags": {},
          "tags_all": {},
          "vpc_security_group_ids": []
        }
      }
    },
    {
      "address": "aws_security_group.web",
      "mode": "managed",
      "type": "aws_security_group",
      "name": "web",
      "provider_name": "registry.terraform.io/hashicorp/aws",
      "change": {
        "actions": [
          "create"
        ],
        "before": null,
        "after": {
          "description": "Test group - manual",
          "name": "mike-test",
          "revoke_rules_on_delete": false,
          "tags": {
            "Name": "mike-test"
          },
          "tags_all": {
            "Name": "mike-test"
          },
          "timeouts": null,
          "vpc_id": "vpc-0e002ec64373a0ef0"
        },
        "after_unknown": {
          "arn": true,
          "egress": true,
          "id": true,
          "ingress": true,
          "name_prefix": true,
          "owner_id": true,
          "tags": {},
          "tags_all": {}
        },
        "before_sensitive": false,
        "after_sensitive": {
          "egress": [],
          "ingress": [],
          "tags": {},
          "tags_all": {}
        }
      }
    }
  ],
  "prior_state": {
    "format_version": "1.0",
    "terraform_version": "1.5.5",
    "values": {
      "root_module": {
        "resources": [
          {
            "address": "data.aws_ami.ubuntu",
            "mode": "data",
            "type": "aws_ami",
            "name": "ubuntu",
            "provider_name": "registry.terraform.io/hashicorp/aws",
            "schema_version": 0,
            "values": {
              "architecture": "x86_64",
              "arn": "arn:aws:ec2:eu-west-2::image/ami-0f244b28200b93640",
              "block_device_mappings": [
                {
                  "device_name": "/dev/sda1",
                  "ebs": {
                    "delete_on_termination": "true",
                    "encrypted": "false",
                    "iops": "0",
                    "snapshot_id": "snap-0ba43d3ed7831ddb4",
                    "throughput": "0",
                    "volume_size": "8",
                    "volume_type": "gp2"
                  },
                  "no_device": "",
                  "virtual_name": ""
                },
                {
                  "device_name": "/dev/sdb",
                  "ebs": {},
                  "no_device": "",
                  "virtual_name": "ephemeral0"
                },
                {
                  "device_name": "/dev/sdc",
                  "ebs": {},
                  "no_device": "",
                  "virtual_name": "ephemeral1"
                }
              ],
              "boot_mode": "legacy-bios",
              "creation_date": "2024-01-26T02:50:50.000Z",
              "deprecation_time": "2026-01-26T02:50:50.000Z",
              "description": "Canonical, Ubuntu, 22.04 LTS, amd64 jammy image build on 2024-01-26",
              "ena_support": true,
              "executable_users": null,
              "filter": [
                {
                  "name": "name",
                  "values": [
                    "ubuntu/images/hvm-ssd/ubuntu-jammy-22.04-amd64-server-*"
                  ]
                },
                {
                  "name": "virtualization-type",
                  "values": [
                    "hvm"
                  ]
                }
              ],
              "hypervisor": "xen",
              "id": "ami-0f244b28200b93640",
              "image_id": "ami-0f244b28200b93640",
              "image_location": "amazon/ubuntu/images/hvm-ssd/ubuntu-jammy-22.04-amd64-server-20240126",
              "image_owner_alias": "amazon",
              "image_type": "machine",
              "imds_support": "",
              "include_deprecated": false,
              "kernel_id": "",
              "most_recent": true,
              "name": "ubuntu/images/hvm-ssd/ubuntu-jammy-22.04-amd64-server-20240126",
              "name_regex": null,
              "owner_id": "099720109477",
              "owners": [
                "099720109477"
              ],
              "platform": "",
              "platform_details": "Linux/UNIX",
              "product_codes": [],
              "public": true,
              "ramdisk_id": "",
              "root_device_name": "/dev/sda1",
              "root_device_type": "ebs",
              "root_snapshot_id": "snap-0ba43d3ed7831ddb4",
              "sriov_net_support": "simple",
              "state": "available",
              "state_reason": {
                "code": "UNSET",
                "message": "UNSET"
              },
              "tags": {},
              "timeouts": null,
              "tpm_support": "",
              "usage_operation": "RunInstances",
              "virtualization_type": "hvm"
            },
            "sensitive_values": {
              "block_device_mappings": [
                {
                  "ebs": {}
                },
                {
                  "ebs": {}
                },
                {
                  "ebs": {}
                }
              ],
              "filter": [
                {
                  "values": [
                    false
                  ]
                },
                {
                  "values": [
                    false
                  ]
                }
              ],
              "owners": [
                false
              ],
              "product_codes": [],
              "state_reason": {},
              "tags": {}
            }
          }
        ]
      }
    }
  },
  "configuration": {
    "provider_config": {
      "aws": {
        "name": "aws",
        "full_name": "registry.terraform.io/hashicorp/aws",
        "expressions": {
          "profile": {
            "constant_value": "scratch"
          },
          "region": {
            "constant_value": "eu-west-2"
          }
        }
      }
    },
    "root_module": {
      "resources": [
        {
          "address": "aws_instance.web",
          "mode": "managed",
          "type": "aws_instance",
          "name": "web",
          "provider_config_key": "aws",
          "expressions": {
            "ami": {
              "references": [
                "data.aws_ami.ubuntu.id",
                "data.aws_ami.ubuntu"
              ]
            },
            "instance_type": {
              "constant_value": "t3.micro"
            },
            "subnet_id": {
              "constant_value": "subnet-08d487c7b68b31824"
            },
            "tags": {
              "constant_value": {
                "Name": "mike-test"
              }
            },
            "vpc_security_group_ids": {
              "references": [
                "aws_security_group.web.id",
                "aws_security_group.web"
              ]
            }
          },
          "schema_version": 1
        },
        {
          "address": "aws_security_group.web",
          "mode": "managed",
          "type": "aws_security_group",
          "name": "web",
          "provider_config_key": "aws",
          "expressions": {
            "description": {
              "constant_value": "Test group - manual"
            },
            "name": {
              "constant_value": "mike-test"
            },
            "tags": {
              "constant_value": {
                "Name": "mike-test"
              }
            },
            "vpc_id": {
              "constant_value": "vpc-0e002ec64373a0ef0"
            }
          },
          "schema_version": 1
        },
        {
          "address": "data.aws_ami.ubuntu",
          "mode": "data",
          "type": "aws_ami",
          "name": "ubuntu",
          "provider_config_key": "aws",
          "expressions": {
            "filter": [
              {
                "name": {
                  "constant_value": "name"
                },
                "values": {
                  "constant_value": [
                    "ubuntu/images/hvm-ssd/ubuntu-jammy-22.04-amd64-server-*"
                  ]
                }
              },
              {
                "name": {
                  "constant_value": "virtualization-type"
                },
                "values": {
                  "constant_value": [
                    "hvm"
                  ]
                }
              }
            ],
            "most_recent": {
              "constant_value": true
            },
            "owners": {
              "constant_value": [
                "099720109477"
              ]
            }
          },
          "schema_version": 0
        }
      ]
    }
  },
  "relevant_attributes": [
    {
      "resource": "data.aws_ami.ubuntu",
      "attribute": [
        "id"
      ]
    },
    {
      "resource": "aws_security_group.web",
      "attribute": [
        "id"
      ]
    }
  ],
  "timestamp": "2024-01-26T17:12:15Z"
}
