{
  "format_version": "1.2",
  "terraform_version": "1.5.5",
  "planned_values": {
    "root_module": {
      "resources": [
        {
          "address": "aws_instance.web",
          "mode": "managed",
          "type": "aws_instance",
          "name": "web",
          "provider_name": "registry.terraform.io/hashicorp/aws",
          "schema_version": 1,
          "values": {
            "ami": "ami-0f244b28200b93640",
            "arn": "arn:aws:ec2:eu-west-2:866579364243:instance/i-0f77147516e81992b",
            "associate_public_ip_address": false,
            "availability_zone": "eu-west-2b",
            "capacity_reservation_specification": [
              {
                "capacity_reservation_preference": "open",
                "capacity_reservation_target": []
              }
            ],
            "cpu_core_count": 1,
            "cpu_options": [
              {
                "amd_sev_snp": "",
                "core_count": 1,
                "threads_per_core": 2
              }
            ],
            "cpu_threads_per_core": 2,
            "credit_specification": [
              {
                "cpu_credits": "unlimited"
              }
            ],
            "disable_api_stop": false,
            "disable_api_termination": false,
            "ebs_block_device": [],
            "ebs_optimized": false,
            "enclave_options": [
              {
                "enabled": false
              }
            ],
            "ephemeral_block_device": [],
            "get_password_data": false,
            "hibernation": false,
            "host_id": "",
            "host_resource_group_arn": null,
            "iam_instance_profile": "",
            "id": "i-0f77147516e81992b",
            "instance_initiated_shutdown_behavior": "stop",
            "instance_lifecycle": "",
            "instance_market_options": [],
            "instance_state": "running",
            "instance_type": "t3.micro",
            "ipv6_address_count": 0,
            "ipv6_addresses": [],
            "key_name": "",
            "launch_template": [],
            "maintenance_options": [
              {
                "auto_recovery": "default"
              }
            ],
            "metadata_options": [
              {
                "http_endpoint": "enabled",
                "http_protocol_ipv6": "disabled",
                "http_put_response_hop_limit": 1,
                "http_tokens": "optional",
                "instance_metadata_tags": "disabled"
              }
            ],
            "monitoring": false,
            "network_interface": [],
            "outpost_arn": "",
            "password_data": "",
            "placement_group": "",
            "placement_partition_number": 0,
            "primary_network_interface_id": "eni-0bd8988effb65fda6",
            "private_dns": "ip-10-40-5-4.eu-west-2.compute.internal",
            "private_dns_name_options": [
              {
                "enable_resource_name_dns_a_record": false,
                "enable_resource_name_dns_aaaa_record": false,
                "hostname_type": "ip-name"
              }
            ],
            "private_ip": "10.40.5.4",
            "public_dns": "",
            "public_ip": "",
            "root_block_device": [
              {
                "delete_on_termination": true,
                "device_name": "/dev/sda1",
                "encrypted": true,
                "iops": 100,
                "kms_key_id": "arn:aws:kms:eu-west-2:866579364243:key/82d57b31-8fe0-4c8a-9dec-fc5d2594976e",
                "tags": {},
                "throughput": 0,
                "volume_id": "vol-062d2dc4b3a6547b4",
                "volume_size": 8,
                "volume_type": "gp2"
              }
            ],
            "secondary_private_ips": [],
            "security_groups": [],
            "source_dest_check": true,
            "spot_instance_request_id": "",
            "subnet_id": "subnet-08d487c7b68b31824",
            "tags": {
              "Name": "mike-test"
            },
            "tags_all": {
              "Name": "mike-test"
            },
            "tenancy": "default",
            "timeouts": null,
            "user_data": null,
            "user_data_base64": null,
            "user_data_replace_on_change": false,
            "volume_tags": null,
            "vpc_security_group_ids": [
              "sg-014f11016606bc3eb"
            ]
          },
          "sensitive_values": {
            "capacity_reservation_specification": [
              {
                "capacity_reservation_target": []
              }
            ],
            "cpu_options": [
              {}
            ],
            "credit_specification": [
              {}
            ],
            "ebs_block_device": [],
            "enclave_options": [
              {}
            ],
            "ephemeral_block_device": [],
            "instance_market_options": [],
            "ipv6_addresses": [],
            "launch_template": [],
            "maintenance_options": [
              {}
            ],
            "metadata_options": [
              {}
            ],
            "network_interface": [],
            "private_dns_name_options": [
              {}
            ],
            "root_block_device": [
              {
                "tags": {}
              }
            ],
            "secondary_private_ips": [],
            "security_groups": [],
            "tags": {},
            "tags_all": {},
            "vpc_security_group_ids": [
              false
            ]
          }
        },
        {
          "address": "aws_launch_configuration.web",
          "mode": "managed",
          "type": "aws_launch_configuration",
          "name": "web",
          "provider_name": "registry.terraform.io/hashicorp/aws",
          "schema_version": 0,
          "values": {
            "enable_monitoring": true,
            "ephemeral_block_device": [],
            "iam_instance_profile": null,
            "image_id": "ami-0f244b28200b93640",
            "instance_type": "t3.nano",
            "name": "mike-test",
            "placement_tenancy": null,
            "security_groups": null,
            "spot_price": null,
            "user_data": null,
            "user_data_base64": null
          },
          "sensitive_values": {
            "ebs_block_device": [],
            "ephemeral_block_device": [],
            "metadata_options": [],
            "root_block_device": []
          }
        },
        {
          "address": "aws_launch_template.web",
          "mode": "managed",
          "type": "aws_launch_template",
          "name": "web",
          "provider_name": "registry.terraform.io/hashicorp/aws",
          "schema_version": 0,
          "values": {
            "arn": "arn:aws:ec2:eu-west-2:866579364243:launch-template/lt-0c271df2fe3b928e4",
            "block_device_mappings": [],
            "capacity_reservation_specification": [],
            "cpu_options": [],
            "credit_specification": [],
            "default_version": 1,
            "description": "",
            "disable_api_stop": false,
            "disable_api_termination": false,
            "ebs_optimized": "",
            "elastic_gpu_specifications": [],
            "elastic_inference_accelerator": [],
            "enclave_options": [],
            "hibernation_options": [],
            "iam_instance_profile": [],
            "id": "lt-0c271df2fe3b928e4",
            "image_id": "",
            "instance_initiated_shutdown_behavior": "",
            "instance_market_options": [],
            "instance_requirements": [],
            "instance_type": "t3.large",
            "kernel_id": "",
            "key_name": "",
            "latest_version": 1,
            "license_specification": [],
            "maintenance_options": [],
            "metadata_options": [],
            "monitoring": [],
            "name": "mike-test",
            "name_prefix": "",
            "network_interfaces": [],
            "placement": [],
            "private_dns_name_options": [],
            "ram_disk_id": "",
            "security_group_names": [],
            "tag_specifications": [],
            "tags": {},
            "tags_all": {},
            "update_default_version": null,
            "user_data": "",
            "vpc_security_group_ids": []
          },
          "sensitive_values": {
            "block_device_mappings": [],
            "capacity_reservation_specification": [],
            "cpu_options": [],
            "credit_specification": [],
            "elastic_gpu_specifications": [],
            "elastic_inference_accelerator": [],
            "enclave_options": [],
            "hibernation_options": [],
            "iam_instance_profile": [],
            "instance_market_options": [],
            "instance_requirements": [],
            "license_specification": [],
            "maintenance_options": [],
            "metadata_options": [],
            "monitoring": [],
            "network_interfaces": [],
            "placement": [],
            "private_dns_name_options": [],
            "security_group_names": [],
            "tag_specifications": [],
            "tags": {},
            "tags_all": {},
            "vpc_security_group_ids": []
          }
        },
        {
          "address": "aws_security_group.web",
          "mode": "managed",
          "type": "aws_security_group",
          "name": "web",
          "provider_name": "registry.terraform.io/hashicorp/aws",
          "schema_version": 1,
          "values": {
            "arn": "arn:aws:ec2:eu-west-2:866579364243:security-group/sg-014f11016606bc3eb",
            "description": "Test group - manual",
            "egress": [],
            "id": "sg-014f11016606bc3eb",
            "ingress": [],
            "name": "mike-test",
            "name_prefix": "",
            "owner_id": "866579364243",
            "revoke_rules_on_delete": false,
            "tags": {
              "Name": "mike-test"
            },
            "tags_all": {
              "Name": "mike-test"
            },
            "timeouts": null,
            "vpc_id": "vpc-0e002ec64373a0ef0"
          },
          "sensitive_values": {
            "egress": [],
            "ingress": [],
            "tags": {},
            "tags_all": {}
          }
        }
      ]
    }
  },
  "resource_drift": [
    {
      "address": "aws_launch_template.web",
      "mode": "managed",
      "type": "aws_launch_template",
      "name": "web",
      "provider_name": "registry.terraform.io/hashicorp/aws",
      "change": {
        "actions": [
          "update"
        ],
        "before": {
          "arn": "arn:aws:ec2:eu-west-2:866579364243:launch-template/lt-0c271df2fe3b928e4",
          "block_device_mappings": [],
          "capacity_reservation_specification": [],
          "cpu_options": [],
          "credit_specification": [],
          "default_version": 1,
          "description": "",
          "disable_api_stop": false,
          "disable_api_termination": false,
          "ebs_optimized": "",
          "elastic_gpu_specifications": [],
          "elastic_inference_accelerator": [],
          "enclave_options": [],
          "hibernation_options": [],
          "iam_instance_profile": [],
          "id": "lt-0c271df2fe3b928e4",
          "image_id": "",
          "instance_initiated_shutdown_behavior": "",
          "instance_market_options": [],
          "instance_requirements": [],
          "instance_type": "t3.large",
          "kernel_id": "",
          "key_name": "",
          "latest_version": 1,
          "license_specification": [],
          "maintenance_options": [],
          "metadata_options": [],
          "monitoring": [],
          "name": "mike-test",
          "name_prefix": "",
          "network_interfaces": [],
          "placement": [],
          "private_dns_name_options": [],
          "ram_disk_id": "",
          "security_group_names": null,
          "tag_specifications": [],
          "tags": null,
          "tags_all": {},
          "update_default_version": null,
          "user_data": "",
          "vpc_security_group_ids": null
        },
        "after": {
          "arn": "arn:aws:ec2:eu-west-2:866579364243:launch-template/lt-0c271df2fe3b928e4",
          "block_device_mappings": [],
          "capacity_reservation_specification": [],
          "cpu_options": [],
          "credit_specification": [],
          "default_version": 1,
          "description": "",
          "disable_api_stop": false,
          "disable_api_termination": false,
          "ebs_optimized": "",
          "elastic_gpu_specifications": [],
          "elastic_inference_accelerator": [],
          "enclave_options": [],
          "hibernation_options": [],
          "iam_instance_profile": [],
          "id": "lt-0c271df2fe3b928e4",
          "image_id": "",
          "instance_initiated_shutdown_behavior": "",
          "instance_market_options": [],
          "instance_requirements": [],
          "instance_type": "t3.large",
          "kernel_id": "",
          "key_name": "",
          "latest_version": 1,
          "license_specification": [],
          "maintenance_options": [],
          "metadata_options": [],
          "monitoring": [],
          "name": "mike-test",
          "name_prefix": "",
          "network_interfaces": [],
          "placement": [],
          "private_dns_name_options": [],
          "ram_disk_id": "",
          "security_group_names": [],
          "tag_specifications": [],
          "tags": {},
          "tags_all": {},
          "update_default_version": null,
          "user_data": "",
          "vpc_security_group_ids": []
        },
        "after_unknown": {},
        "before_sensitive": {
          "block_device_mappings": [],
          "capacity_reservation_specification": [],
          "cpu_options": [],
          "credit_specification": [],
          "elastic_gpu_specifications": [],
          "elastic_inference_accelerator": [],
          "enclave_options": [],
          "hibernation_options": [],
          "iam_instance_profile": [],
          "instance_market_options": [],
          "instance_requirements": [],
          "license_specification": [],
          "maintenance_options": [],
          "metadata_options": [],
          "monitoring": [],
          "network_interfaces": [],
          "placement": [],
          "private_dns_name_options": [],
          "tag_specifications": [],
          "tags_all": {}
        },
        "after_sensitive": {
          "block_device_mappings": [],
          "capacity_reservation_specification": [],
          "cpu_options": [],
          "credit_specification": [],
          "elastic_gpu_specifications": [],
          "elastic_inference_accelerator": [],
          "enclave_options": [],
          "hibernation_options": [],
          "iam_instance_profile": [],
          "instance_market_options": [],
          "instance_requirements": [],
          "license_specification": [],
          "maintenance_options": [],
          "metadata_options": [],
          "monitoring": [],
          "network_interfaces": [],
          "placement": [],
          "private_dns_name_options": [],
          "security_group_names": [],
          "tag_specifications": [],
          "tags": {},
          "tags_all": {},
          "vpc_security_group_ids": []
        }
      }
    }
  ],
  "resource_changes": [
    {
      "address": "aws_instance.web",
      "mode": "managed",
      "type": "aws_instance",
      "name": "web",
      "provider_name": "registry.terraform.io/hashicorp/aws",
      "change": {
        "actions": [
          "no-op"
        ],
        "before": {
          "ami": "ami-0f244b28200b93640",
          "arn": "arn:aws:ec2:eu-west-2:866579364243:instance/i-0f77147516e81992b",
          "associate_public_ip_address": false,
          "availability_zone": "eu-west-2b",
          "capacity_reservation_specification": [
            {
              "capacity_reservation_preference": "open",
              "capacity_reservation_target": []
            }
          ],
          "cpu_core_count": 1,
          "cpu_options": [
            {
              "amd_sev_snp": "",
              "core_count": 1,
              "threads_per_core": 2
            }
          ],
          "cpu_threads_per_core": 2,
          "credit_specification": [
            {
              "cpu_credits": "unlimited"
            }
          ],
          "disable_api_stop": false,
          "disable_api_termination": false,
          "ebs_block_device": [],
          "ebs_optimized": false,
          "enclave_options": [
            {
              "enabled": false
            }
          ],
          "ephemeral_block_device": [],
          "get_password_data": false,
          "hibernation": false,
          "host_id": "",
          "host_resource_group_arn": null,
          "iam_instance_profile": "",
          "id": "i-0f77147516e81992b",
          "instance_initiated_shutdown_behavior": "stop",
          "instance_lifecycle": "",
          "instance_market_options": [],
          "instance_state": "running",
          "instance_type": "t3.micro",
          "ipv6_address_count": 0,
          "ipv6_addresses": [],
          "key_name": "",
          "launch_template": [],
          "maintenance_options": [
            {
              "auto_recovery": "default"
            }
          ],
          "metadata_options": [
            {
              "http_endpoint": "enabled",
              "http_protocol_ipv6": "disabled",
              "http_put_response_hop_limit": 1,
              "http_tokens": "optional",
              "instance_metadata_tags": "disabled"
            }
          ],
          "monitoring": false,
          "network_interface": [],
          "outpost_arn": "",
          "password_data": "",
          "placement_group": "",
          "placement_partition_number": 0,
          "primary_network_interface_id": "eni-0bd8988effb65fda6",
          "private_dns": "ip-10-40-5-4.eu-west-2.compute.internal",
          "private_dns_name_options": [
            {
              "enable_resource_name_dns_a_record": false,
              "enable_resource_name_dns_aaaa_record": false,
              "hostname_type": "ip-name"
            }
          ],
          "private_ip": "10.40.5.4",
          "public_dns": "",
          "public_ip": "",
          "root_block_device": [
            {
              "delete_on_termination": true,
              "device_name": "/dev/sda1",
              "encrypted": true,
              "iops": 100,
              "kms_key_id": "arn:aws:kms:eu-west-2:866579364243:key/82d57b31-8fe0-4c8a-9dec-fc5d2594976e",
              "tags": {},
              "throughput": 0,
              "volume_id": "vol-062d2dc4b3a6547b4",
              "volume_size": 8,
              "volume_type": "gp2"
            }
          ],
          "secondary_private_ips": [],
          "security_groups": [],
          "source_dest_check": true,
          "spot_instance_request_id": "",
          "subnet_id": "subnet-08d487c7b68b31824",
          "tags": {
            "Name": "mike-test"
          },
          "tags_all": {
            "Name": "mike-test"
          },
          "tenancy": "default",
          "timeouts": null,
          "user_data": null,
          "user_data_base64": null,
          "user_data_replace_on_change": false,
          "volume_tags": null,
          "vpc_security_group_ids": [
            "sg-014f11016606bc3eb"
          ]
        },
        "after": {
          "ami": "ami-0f244b28200b93640",
          "arn": "arn:aws:ec2:eu-west-2:866579364243:instance/i-0f77147516e81992b",
          "associate_public_ip_address": false,
          "availability_zone": "eu-west-2b",
          "capacity_reservation_specification": [
            {
              "capacity_reservation_preference": "open",
              "capacity_reservation_target": []
            }
          ],
          "cpu_core_count": 1,
          "cpu_options": [
            {
              "amd_sev_snp": "",
              "core_count": 1,
              "threads_per_core": 2
            }
          ],
          "cpu_threads_per_core": 2,
          "credit_specification": [
            {
              "cpu_credits": "unlimited"
            }
          ],
          "disable_api_stop": false,
          "disable_api_termination": false,
          "ebs_block_device": [],
          "ebs_optimized": false,
          "enclave_options": [
            {
              "enabled": false
            }
          ],
          "ephemeral_block_device": [],
          "get_password_data": false,
          "hibernation": false,
          "host_id": "",
          "host_resource_group_arn": null,
          "iam_instance_profile": "",
          "id": "i-0f77147516e81992b",
          "instance_initiated_shutdown_behavior": "stop",
          "instance_lifecycle": "",
          "instance_market_options": [],
          "instance_state": "running",
          "instance_type": "t3.micro",
          "ipv6_address_count": 0,
          "ipv6_addresses": [],
          "key_name": "",
          "launch_template": [],
          "maintenance_options": [
            {
              "auto_recovery": "default"
            }
          ],
          "metadata_options": [
            {
              "http_endpoint": "enabled",
              "http_protocol_ipv6": "disabled",
              "http_put_response_hop_limit": 1,
              "http_tokens": "optional",
              "instance_metadata_tags": "disabled"
            }
          ],
          "monitoring": false,
          "network_interface": [],
          "outpost_arn": "",
          "password_data": "",
          "placement_group": "",
          "placement_partition_number": 0,
          "primary_network_interface_id": "eni-0bd8988effb65fda6",
          "private_dns": "ip-10-40-5-4.eu-west-2.compute.internal",
          "private_dns_name_options": [
            {
              "enable_resource_name_dns_a_record": false,
              "enable_resource_name_dns_aaaa_record": false,
              "hostname_type": "ip-name"
            }
          ],
          "private_ip": "10.40.5.4",
          "public_dns": "",
          "public_ip": "",
          "root_block_device": [
            {
              "delete_on_termination": true,
              "device_name": "/dev/sda1",
              "encrypted": true,
              "iops": 100,
              "kms_key_id": "arn:aws:kms:eu-west-2:866579364243:key/82d57b31-8fe0-4c8a-9dec-fc5d2594976e",
              "tags": {},
              "throughput": 0,
              "volume_id": "vol-062d2dc4b3a6547b4",
              "volume_size": 8,
              "volume_type": "gp2"
            }
          ],
          "secondary_private_ips": [],
          "security_groups": [],
          "source_dest_check": true,
          "spot_instance_request_id": "",
          "subnet_id": "subnet-08d487c7b68b31824",
          "tags": {
            "Name": "mike-test"
          },
          "tags_all": {
            "Name": "mike-test"
          },
          "tenancy": "default",
          "timeouts": null,
          "user_data": null,
          "user_data_base64": null,
          "user_data_replace_on_change": false,
          "volume_tags": null,
          "vpc_security_group_ids": [
            "sg-014f11016606bc3eb"
          ]
        },
        "after_unknown": {},
        "before_sensitive": {
          "capacity_reservation_specification": [
            {
              "capacity_reservation_target": []
            }
          ],
          "cpu_options": [
            {}
          ],
          "credit_specification": [
            {}
          ],
          "ebs_block_device": [],
          "enclave_options": [
            {}
          ],
          "ephemeral_block_device": [],
          "instance_market_options": [],
          "ipv6_addresses": [],
          "launch_template": [],
          "maintenance_options": [
            {}
          ],
          "metadata_options": [
            {}
          ],
          "network_interface": [],
          "private_dns_name_options": [
            {}
          ],
          "root_block_device": [
            {
              "tags": {}
            }
          ],
          "secondary_private_ips": [],
          "security_groups": [],
          "tags": {},
          "tags_all": {},
          "vpc_security_group_ids": [
            false
          ]
        },
        "after_sensitive": {
          "capacity_reservation_specification": [
            {
              "capacity_reservation_target": []
            }
          ],
          "cpu_options": [
            {}
          ],
          "credit_specification": [
            {}
          ],
          "ebs_block_device": [],
          "enclave_options": [
            {}
          ],
          "ephemeral_block_device": [],
          "instance_market_options": [],
          "ipv6_addresses": [],
          "launch_template": [],
          "maintenance_options": [
            {}
          ],
          "metadata_options": [
            {}
          ],
          "network_interface": [],
          "private_dns_name_options": [
            {}
          ],
          "root_block_device": [
            {
              "tags": {}
            }
          ],
          "secondary_private_ips": [],
          "security_groups": [],
          "tags": {},
          "tags_all": {},
          "vpc_security_group_ids": [
            false
          ]
        }
      }
    },
    {
      "address": "aws_launch_configuration.web",
      "mode": "managed",
      "type": "aws_launch_configuration",
      "name": "web",
      "provider_name": "registry.terraform.io/hashicorp/aws",
      "change": {
        "actions": [
          "create"
        ],
        "before": null,
        "after": {
          "enable_monitoring": true,
          "ephemeral_block_device": [],
          "iam_instance_profile": null,
          "image_id": "ami-0f244b28200b93640",
          "instance_type": "YET_ANOTHER_BAD_TYPE",
          "name": "mike-test",
          "placement_tenancy": null,
          "security_groups": null,
          "spot_price": null,
          "user_data": null,
          "user_data_base64": null
        },
        "after_unknown": {
          "arn": true,
          "associate_public_ip_address": true,
          "ebs_block_device": true,
          "ebs_optimized": true,
          "ephemeral_block_device": [],
          "id": true,
          "key_name": true,
          "metadata_options": true,
          "name_prefix": true,
          "root_block_device": true
        },
        "before_sensitive": false,
        "after_sensitive": {
          "ebs_block_device": [],
          "ephemeral_block_device": [],
          "metadata_options": [],
          "root_block_device": []
        }
      }
    },
    {
      "address": "aws_launch_template.web",
      "mode": "managed",
      "type": "aws_launch_template",
      "name": "web",
      "provider_name": "registry.terraform.io/hashicorp/aws",
      "change": {
        "actions": [
          "no-op"
        ],
        "before": {
          "arn": "arn:aws:ec2:eu-west-2:866579364243:launch-template/lt-0c271df2fe3b928e4",
          "block_device_mappings": [],
          "capacity_reservation_specification": [],
          "cpu_options": [],
          "credit_specification": [],
          "default_version": 1,
          "description": "",
          "disable_api_stop": false,
          "disable_api_termination": false,
          "ebs_optimized": "",
          "elastic_gpu_specifications": [],
          "elastic_inference_accelerator": [],
          "enclave_options": [],
          "hibernation_options": [],
          "iam_instance_profile": [],
          "id": "lt-0c271df2fe3b928e4",
          "image_id": "",
          "instance_initiated_shutdown_behavior": "",
          "instance_market_options": [],
          "instance_requirements": [],
          "instance_type": "t3.large",
          "kernel_id": "",
          "key_name": "",
          "latest_version": 1,
          "license_specification": [],
          "maintenance_options": [],
          "metadata_options": [],
          "monitoring": [],
          "name": "mike-test",
          "name_prefix": "",
          "network_interfaces": [],
          "placement": [],
          "private_dns_name_options": [],
          "ram_disk_id": "",
          "security_group_names": [],
          "tag_specifications": [],
          "tags": {},
          "tags_all": {},
          "update_default_version": null,
          "user_data": "",
          "vpc_security_group_ids": []
        },
        "after": {
          "arn": "arn:aws:ec2:eu-west-2:866579364243:launch-template/lt-0c271df2fe3b928e4",
          "block_device_mappings": [],
          "capacity_reservation_specification": [],
          "cpu_options": [],
          "credit_specification": [],
          "default_version": 1,
          "description": "",
          "disable_api_stop": false,
          "disable_api_termination": false,
          "ebs_optimized": "",
          "elastic_gpu_specifications": [],
          "elastic_inference_accelerator": [],
          "enclave_options": [],
          "hibernation_options": [],
          "iam_instance_profile": [],
          "id": "lt-0c271df2fe3b928e4",
          "image_id": "",
          "instance_initiated_shutdown_behavior": "",
          "instance_market_options": [],
          "instance_requirements": [],
          "instance_type": "t3.large",
          "kernel_id": "",
          "key_name": "",
          "latest_version": 1,
          "license_specification": [],
          "maintenance_options": [],
          "metadata_options": [],
          "monitoring": [],
          "name": "mike-test",
          "name_prefix": "",
          "network_interfaces": [],
          "placement": [],
          "private_dns_name_options": [],
          "ram_disk_id": "",
          "security_group_names": [],
          "tag_specifications": [],
          "tags": {},
          "tags_all": {},
          "update_default_version": null,
          "user_data": "",
          "vpc_security_group_ids": []
        },
        "after_unknown": {},
        "before_sensitive": {
          "block_device_mappings": [],
          "capacity_reservation_specification": [],
          "cpu_options": [],
          "credit_specification": [],
          "elastic_gpu_specifications": [],
          "elastic_inference_accelerator": [],
          "enclave_options": [],
          "hibernation_options": [],
          "iam_instance_profile": [],
          "instance_market_options": [],
          "instance_requirements": [],
          "license_specification": [],
          "maintenance_options": [],
          "metadata_options": [],
          "monitoring": [],
          "network_interfaces": [],
          "placement": [],
          "private_dns_name_options": [],
          "security_group_names": [],
          "tag_specifications": [],
          "tags": {},
          "tags_all": {},
          "vpc_security_group_ids": []
        },
        "after_sensitive": {
          "block_device_mappings": [],
          "capacity_reservation_specification": [],
          "cpu_options": [],
          "credit_specification": [],
          "elastic_gpu_specifications": [],
          "elastic_inference_accelerator": [],
          "enclave_options": [],
          "hibernation_options": [],
          "iam_instance_profile": [],
          "instance_market_options": [],
          "instance_requirements": [],
          "license_specification": [],
          "maintenance_options": [],
          "metadata_options": [],
          "monitoring": [],
          "network_interfaces": [],
          "placement": [],
          "private_dns_name_options": [],
          "security_group_names": [],
          "tag_specifications": [],
          "tags": {},
          "tags_all": {},
          "vpc_security_group_ids": []
        }
      }
    },
    {
      "address": "aws_security_group.web",
      "mode": "managed",
      "type": "aws_security_group",
      "name": "web",
      "provider_name": "registry.terraform.io/hashicorp/aws",
      "change": {
        "actions": [
          "no-op"
        ],
        "before": {
          "arn": "arn:aws:ec2:eu-west-2:866579364243:security-group/sg-014f11016606bc3eb",
          "description": "Test group - manual",
          "egress": [],
          "id": "sg-014f11016606bc3eb",
          "ingress": [],
          "name": "mike-test",
          "name_prefix": "",
          "owner_id": "866579364243",
          "revoke_rules_on_delete": false,
          "tags": {
            "Name": "mike-test"
          },
          "tags_all": {
            "Name": "mike-test"
          },
          "timeouts": null,
          "vpc_id": "vpc-0e002ec64373a0ef0"
        },
        "after": {
          "arn": "arn:aws:ec2:eu-west-2:866579364243:security-group/sg-014f11016606bc3eb",
          "description": "Test group - manual",
          "egress": [],
          "id": "sg-014f11016606bc3eb",
          "ingress": [],
          "name": "mike-test",
          "name_prefix": "",
          "owner_id": "866579364243",
          "revoke_rules_on_delete": false,
          "tags": {
            "Name": "mike-test"
          },
          "tags_all": {
            "Name": "mike-test"
          },
          "timeouts": null,
          "vpc_id": "vpc-0e002ec64373a0ef0"
        },
        "after_unknown": {},
        "before_sensitive": {
          "egress": [],
          "ingress": [],
          "tags": {},
          "tags_all": {}
        },
        "after_sensitive": {
          "egress": [],
          "ingress": [],
          "tags": {},
          "tags_all": {}
        }
      }
    }
  ],
  "prior_state": {
    "format_version": "1.0",
    "terraform_version": "1.5.5",
    "values": {
      "root_module": {
        "resources": [
          {
            "address": "data.aws_ami.ubuntu",
            "mode": "data",
            "type": "aws_ami",
            "name": "ubuntu",
            "provider_name": "registry.terraform.io/hashicorp/aws",
            "schema_version": 0,
            "values": {
              "architecture": "x86_64",
              "arn": "arn:aws:ec2:eu-west-2::image/ami-0f244b28200b93640",
              "block_device_mappings": [
                {
                  "device_name": "/dev/sda1",
                  "ebs": {
                    "delete_on_termination": "true",
                    "encrypted": "false",
                    "iops": "0",
                    "snapshot_id": "snap-0ba43d3ed7831ddb4",
                    "throughput": "0",
                    "volume_size": "8",
                    "volume_type": "gp2"
                  },
                  "no_device": "",
                  "virtual_name": ""
                },
                {
                  "device_name": "/dev/sdb",
                  "ebs": {},
                  "no_device": "",
                  "virtual_name": "ephemeral0"
                },
                {
                  "device_name": "/dev/sdc",
                  "ebs": {},
                  "no_device": "",
                  "virtual_name": "ephemeral1"
                }
              ],
              "boot_mode": "legacy-bios",
              "creation_date": "2024-01-26T02:50:50.000Z",
              "deprecation_time": "2026-01-26T02:50:50.000Z",
              "description": "Canonical, Ubuntu, 22.04 LTS, amd64 jammy image build on 2024-01-26",
              "ena_support": true,
              "executable_users": null,
              "filter": [
                {
                  "name": "name",
                  "values": [
                    "ubuntu/images/hvm-ssd/ubuntu-jammy-22.04-amd64-server-*"
                  ]
                },
                {
                  "name": "virtualization-type",
                  "values": [
                    "hvm"
                  ]
                }
              ],
              "hypervisor": "xen",
              "id": "ami-0f244b28200b93640",
              "image_id": "ami-0f244b28200b93640",
              "image_location": "amazon/ubuntu/images/hvm-ssd/ubuntu-jammy-22.04-amd64-server-20240126",
              "image_owner_alias": "amazon",
              "image_type": "machine",
              "imds_support": "",
              "include_deprecated": false,
              "kernel_id": "",
              "most_recent": true,
              "name": "ubuntu/images/hvm-ssd/ubuntu-jammy-22.04-amd64-server-20240126",
              "name_regex": null,
              "owner_id": "099720109477",
              "owners": [
                "099720109477"
              ],
              "platform": "",
              "platform_details": "Linux/UNIX",
              "product_codes": [],
              "public": true,
              "ramdisk_id": "",
              "root_device_name": "/dev/sda1",
              "root_device_type": "ebs",
              "root_snapshot_id": "snap-0ba43d3ed7831ddb4",
              "sriov_net_support": "simple",
              "state": "available",
              "state_reason": {
                "code": "UNSET",
                "message": "UNSET"
              },
              "tags": {},
              "timeouts": null,
              "tpm_support": "",
              "usage_operation": "RunInstances",
              "virtualization_type": "hvm"
            },
            "sensitive_values": {
              "block_device_mappings": [
                {
                  "ebs": {}
                },
                {
                  "ebs": {}
                },
                {
                  "ebs": {}
                }
              ],
              "filter": [
                {
                  "values": [
                    false
                  ]
                },
                {
                  "values": [
                    false
                  ]
                }
              ],
              "owners": [
                false
              ],
              "product_codes": [],
              "state_reason": {},
              "tags": {}
            }
          },
          {
            "address": "aws_instance.web",
            "mode": "managed",
            "type": "aws_instance",
            "name": "web",
            "provider_name": "registry.terraform.io/hashicorp/aws",
            "schema_version": 1,
            "values": {
              "ami": "ami-0f244b28200b93640",
              "arn": "arn:aws:ec2:eu-west-2:866579364243:instance/i-0f77147516e81992b",
              "associate_public_ip_address": false,
              "availability_zone": "eu-west-2b",
              "capacity_reservation_specification": [
                {
                  "capacity_reservation_preference": "open",
                  "capacity_reservation_target": []
                }
              ],
              "cpu_core_count": 1,
              "cpu_options": [
                {
                  "amd_sev_snp": "",
                  "core_count": 1,
                  "threads_per_core": 2
                }
              ],
              "cpu_threads_per_core": 2,
              "credit_specification": [
                {
                  "cpu_credits": "unlimited"
                }
              ],
              "disable_api_stop": false,
              "disable_api_termination": false,
              "ebs_block_device": [],
              "ebs_optimized": false,
              "enclave_options": [
                {
                  "enabled": false
                }
              ],
              "ephemeral_block_device": [],
              "get_password_data": false,
              "hibernation": false,
              "host_id": "",
              "host_resource_group_arn": null,
              "iam_instance_profile": "",
              "id": "i-0f77147516e81992b",
              "instance_initiated_shutdown_behavior": "stop",
              "instance_lifecycle": "",
              "instance_market_options": [],
              "instance_state": "running",
              "instance_type": "t3.micro",
              "ipv6_address_count": 0,
              "ipv6_addresses": [],
              "key_name": "",
              "launch_template": [],
              "maintenance_options": [
                {
                  "auto_recovery": "default"
                }
              ],
              "metadata_options": [
                {
                  "http_endpoint": "enabled",
                  "http_protocol_ipv6": "disabled",
                  "http_put_response_hop_limit": 1,
                  "http_tokens": "optional",
                  "instance_metadata_tags": "disabled"
                }
              ],
              "monitoring": false,
              "network_interface": [],
              "outpost_arn": "",
              "password_data": "",
              "placement_group": "",
              "placement_partition_number": 0,
              "primary_network_interface_id": "eni-0bd8988effb65fda6",
              "private_dns": "ip-10-40-5-4.eu-west-2.compute.internal",
              "private_dns_name_options": [
                {
                  "enable_resource_name_dns_a_record": false,
                  "enable_resource_name_dns_aaaa_record": false,
                  "hostname_type": "ip-name"
                }
              ],
              "private_ip": "10.40.5.4",
              "public_dns": "",
              "public_ip": "",
              "root_block_device": [
                {
                  "delete_on_termination": true,
                  "device_name": "/dev/sda1",
                  "encrypted": true,
                  "iops": 100,
                  "kms_key_id": "arn:aws:kms:eu-west-2:866579364243:key/82d57b31-8fe0-4c8a-9dec-fc5d2594976e",
                  "tags": {},
                  "throughput": 0,
                  "volume_id": "vol-062d2dc4b3a6547b4",
                  "volume_size": 8,
                  "volume_type": "gp2"
                }
              ],
              "secondary_private_ips": [],
              "security_groups": [],
              "source_dest_check": true,
              "spot_instance_request_id": "",
              "subnet_id": "subnet-08d487c7b68b31824",
              "tags": {
                "Name": "mike-test"
              },
              "tags_all": {
                "Name": "mike-test"
              },
              "tenancy": "default",
              "timeouts": null,
              "user_data": null,
              "user_data_base64": null,
              "user_data_replace_on_change": false,
              "volume_tags": null,
              "vpc_security_group_ids": [
                "sg-014f11016606bc3eb"
              ]
            },
            "sensitive_values": {
              "capacity_reservation_specification": [
                {
                  "capacity_reservation_target": []
                }
              ],
              "cpu_options": [
                {}
              ],
              "credit_specification": [
                {}
              ],
              "ebs_block_device": [],
              "enclave_options": [
                {}
              ],
              "ephemeral_block_device": [],
              "instance_market_options": [],
              "ipv6_addresses": [],
              "launch_template": [],
              "maintenance_options": [
                {}
              ],
              "metadata_options": [
                {}
              ],
              "network_interface": [],
              "private_dns_name_options": [
                {}
              ],
              "root_block_device": [
                {
                  "tags": {}
                }
              ],
              "secondary_private_ips": [],
              "security_groups": [],
              "tags": {},
              "tags_all": {},
              "vpc_security_group_ids": [
                false
              ]
            },
            "depends_on": [
              "aws_security_group.web",
              "data.aws_ami.ubuntu"
            ]
          },
          {
            "address": "aws_launch_template.web",
            "mode": "managed",
            "type": "aws_launch_template",
            "name": "web",
            "provider_name": "registry.terraform.io/hashicorp/aws",
            "schema_version": 0,
            "values": {
              "arn": "arn:aws:ec2:eu-west-2:866579364243:launch-template/lt-0c271df2fe3b928e4",
              "block_device_mappings": [],
              "capacity_reservation_specification": [],
              "cpu_options": [],
              "credit_specification": [],
              "default_version": 1,
              "description": "",
              "disable_api_stop": false,
              "disable_api_termination": false,
              "ebs_optimized": "",
              "elastic_gpu_specifications": [],
              "elastic_inference_accelerator": [],
              "enclave_options": [],
              "hibernation_options": [],
              "iam_instance_profile": [],
              "id": "lt-0c271df2fe3b928e4",
              "image_id": "",
              "instance_initiated_shutdown_behavior": "",
              "instance_market_options": [],
              "instance_requirements": [],
              "instance_type": "t3.large",
              "kernel_id": "",
              "key_name": "",
              "latest_version": 1,
              "license_specification": [],
              "maintenance_options": [],
              "metadata_options": [],
              "monitoring": [],
              "name": "mike-test",
              "name_prefix": "",
              "network_interfaces": [],
              "placement": [],
              "private_dns_name_options": [],
              "ram_disk_id": "",
              "security_group_names": [],
              "tag_specifications": [],
              "tags": {},
              "tags_all": {},
              "update_default_version": null,
              "user_data": "",
              "vpc_security_group_ids": []
            },
            "sensitive_values": {
              "block_device_mappings": [],
              "capacity_reservation_specification": [],
              "cpu_options": [],
              "credit_specification": [],
              "elastic_gpu_specifications": [],
              "elastic_inference_accelerator": [],
              "enclave_options": [],
              "hibernation_options": [],
              "iam_instance_profile": [],
              "instance_market_options": [],
              "instance_requirements": [],
              "license_specification": [],
              "maintenance_options": [],
              "metadata_options": [],
              "monitoring": [],
              "network_interfaces": [],
              "placement": [],
              "private_dns_name_options": [],
              "security_group_names": [],
              "tag_specifications": [],
              "tags": {},
              "tags_all": {},
              "vpc_security_group_ids": []
            }
          },
          {
            "address": "aws_security_group.web",
            "mode": "managed",
            "type": "aws_security_group",
            "name": "web",
            "provider_name": "registry.terraform.io/hashicorp/aws",
            "schema_version": 1,
            "values": {
              "arn": "arn:aws:ec2:eu-west-2:866579364243:security-group/sg-014f11016606bc3eb",
              "description": "Test group - manual",
              "egress": [],
              "id": "sg-014f11016606bc3eb",
              "ingress": [],
              "name": "mike-test",
              "name_prefix": "",
              "owner_id": "866579364243",
              "revoke_rules_on_delete": false,
              "tags": {
                "Name": "mike-test"
              },
              "tags_all": {
                "Name": "mike-test"
              },
              "timeouts": null,
              "vpc_id": "vpc-0e002ec64373a0ef0"
            },
            "sensitive_values": {
              "egress": [],
              "ingress": [],
              "tags": {},
              "tags_all": {}
            }
          }
        ]
      }
    }
  },
  "configuration": {
    "provider_config": {
      "aws": {
        "name": "aws",
        "full_name": "registry.terraform.io/hashicorp/aws",
        "expressions": {
          "profile": {
            "constant_value": "scratch"
          },
          "region": {
            "constant_value": "eu-west-2"
          }
        }
      }
    },
    "root_module": {
      "resources": [
        {
          "address": "aws_instance.web",
          "mode": "managed",
          "type": "aws_instance",
          "name": "web",
          "provider_config_key": "aws",
          "expressions": {
            "ami": {
              "references": [
                "data.aws_ami.ubuntu.id",
                "data.aws_ami.ubuntu"
              ]
            },
            "instance_type": {
              "constant_value": "t3.micro"
            },
            "subnet_id": {
              "constant_value": "subnet-08d487c7b68b31824"
            },
            "tags": {
              "constant_value": {
                "Name": "mike-test"
              }
            },
            "vpc_security_group_ids": {
              "references": [
                "aws_security_group.web.id",
                "aws_security_group.web"
              ]
            }
          },
          "schema_version": 1
        },
        {
          "address": "aws_launch_configuration.web",
          "mode": "managed",
          "type": "aws_launch_configuration",
          "name": "web",
          "provider_config_key": "aws",
          "expressions": {
            "image_id": {
              "references": [
                "data.aws_ami.ubuntu.id",
                "data.aws_ami.ubuntu"
              ]
            },
            "instance_type": {
              "constant_value": "t3.nano"
            },
            "name": {
              "constant_value": "mike-test"
            }
          },
          "schema_version": 0
        },
        {
          "address": "aws_launch_template.web",
          "mode": "managed",
          "type": "aws_launch_template",
          "name": "web",
          "provider_config_key": "aws",
          "expressions": {
            "instance_type": {
              "constant_value": "t3.large"
            },
            "name": {
              "constant_value": "mike-test"
            }
          },
          "schema_version": 0
        },
        {
          "address": "aws_security_group.web",
          "mode": "managed",
          "type": "aws_security_group",
          "name": "web",
          "provider_config_key": "aws",
          "expressions": {
            "description": {
              "constant_value": "Test group - manual"
            },
            "name": {
              "constant_value": "mike-test"
            },
            "tags": {
              "constant_value": {
                "Name": "mike-test"
              }
            },
            "vpc_id": {
              "constant_value": "vpc-0e002ec64373a0ef0"
            }
          },
          "schema_version": 1
        },
        {
          "address": "data.aws_ami.ubuntu",
          "mode": "data",
          "type": "aws_ami",
          "name": "ubuntu",
          "provider_config_key": "aws",
          "expressions": {
            "filter": [
              {
                "name": {
                  "constant_value": "name"
                },
                "values": {
                  "constant_value": [
                    "ubuntu/images/hvm-ssd/ubuntu-jammy-22.04-amd64-server-*"
                  ]
                }
              },
              {
                "name": {
                  "constant_value": "virtualization-type"
                },
                "values": {
                  "constant_value": [
                    "hvm"
                  ]
                }
              }
            ],
            "most_recent": {
              "constant_value": true
            },
            "owners": {
              "constant_value": [
                "099720109477"
              ]
            }
          },
          "schema_version": 0
        }
      ]
    }
  },
  "relevant_attributes": [
    {
      "resource": "data.aws_ami.ubuntu",
      "attribute": [
        "id"
      ]
    }
  ],
  "timestamp": "2024-01-27T13:03:47Z"
}
